
Microsoft Visual Studio Solution File, Format Version 12.00
# Visual Studio Version 17
VisualStudioVersion = 17.8.34309.116
MinimumVisualStudioVersion = 10.0.40219.1
Project("{9A19103F-16F7-4668-BE54-9A1E7A4F7556}") = "GenReq", "GenReq\GenReq.csproj", "{EDFBDB51-DA9C-4194-AABC-44D13BD988AE}"
EndProject
Project("{9A19103F-16F7-4668-BE54-9A1E7A4F7556}") = "ChatGPTRunner", "ChatGPTRunner\ChatGPTRunner.csproj", "{10344271-119D-40C1-A73E-36890F12BEE8}"
EndProject
Project("{FAE04EC0-301F-11D3-BF4B-00C04F79EFBC}") = "ChatGPTFunction", "ChatGPTFunction\ChatGPTFunction.csproj", "{3DA0E255-F05B-4188-A7D3-5B5914B92CE0}"
EndProject
Global
	GlobalSection(SolutionConfigurationPlatforms) = preSolution
		Debug|Any CPU = Debug|Any CPU
		Release|Any CPU = Release|Any CPU
	EndGlobalSection
	GlobalSection(ProjectConfigurationPlatforms) = postSolution
		{EDFBDB51-DA9C-4194-AABC-44D13BD988AE}.Debug|Any CPU.ActiveCfg = Debug|Any CPU
		{EDFBDB51-DA9C-4194-AABC-44D13BD988AE}.Debug|Any CPU.Build.0 = Debug|Any CPU
		{EDFBDB51-DA9C-4194-AABC-44D13BD988AE}.Release|Any CPU.ActiveCfg = Release|Any CPU
		{EDFBDB51-DA9C-4194-AABC-44D13BD988AE}.Release|Any CPU.Build.0 = Release|Any CPU
		{10344271-119D-40C1-A73E-36890F12BEE8}.Debug|Any CPU.ActiveCfg = Debug|Any CPU
		{10344271-119D-40C1-A73E-36890F12BEE8}.Debug|Any CPU.Build.0 = Debug|Any CPU
		{10344271-119D-40C1-A73E-36890F12BEE8}.Release|Any CPU.ActiveCfg = Release|Any CPU
		{10344271-119D-40C1-A73E-36890F12BEE8}.Release|Any CPU.Build.0 = Release|Any CPU
		{3DA0E255-F05B-4188-A7D3-5B5914B92CE0}.Debug|Any CPU.ActiveCfg = Debug|Any CPU
		{3DA0E255-F05B-4188-A7D3-5B5914B92CE0}.Debug|Any CPU.Build.0 = Debug|Any CPU
		{3DA0E255-F05B-4188-A7D3-5B5914B92CE0}.Release|Any CPU.ActiveCfg = Release|Any CPU
		{3DA0E255-F05B-4188-A7D3-5B5914B92CE0}.Release|Any CPU.Build.0 = Release|Any CPU
	EndGlobalSection
	GlobalSection(SolutionProperties) = preSolution
		HideSolutionNode = FALSE
	EndGlobalSection
	GlobalSection(ExtensibilityGlobals) = postSolution
		SolutionGuid = {8550180A-F014-4025-8211-78A3CEC2F96B}
	EndGlobalSection
EndGlobal
